
Microsoft Visual Studio Solution File, Format Version 12.00
# Visual Studio Version 17
VisualStudioVersion = 17.0.31903.59
MinimumVisualStudioVersion = 10.0.40219.1
Project("{FAE04EC0-301F-11D3-BF4B-00C04F79EFBC}") = "GpuSentinel", "src\GpuSentinel\GpuSentinel.csproj", "{AA28B885-0771-4A9B-8366-E064615D18FA}"
EndProject
Project("{FAE04EC0-301F-11D3-BF4B-00C04F79EFBC}") = "GpuSentinel.SmokeTests", "tests\GpuSentinel.SmokeTests\GpuSentinel.SmokeTests.csproj", "{7616B27A-E801-40AC-9BE8-9C6F44D82B39}"
EndProject
Global
	GlobalSection(SolutionConfigurationPlatforms) = preSolution
		Debug|Any CPU = Debug|Any CPU
		Release|Any CPU = Release|Any CPU
	EndGlobalSection
	GlobalSection(ProjectConfigurationPlatforms) = postSolution
		{AA28B885-0771-4A9B-8366-E064615D18FA}.Debug|Any CPU.ActiveCfg = Debug|Any CPU
		{AA28B885-0771-4A9B-8366-E064615D18FA}.Debug|Any CPU.Build.0 = Debug|Any CPU
		{AA28B885-0771-4A9B-8366-E064615D18FA}.Release|Any CPU.ActiveCfg = Release|Any CPU
		{AA28B885-0771-4A9B-8366-E064615D18FA}.Release|Any CPU.Build.0 = Release|Any CPU
		{7616B27A-E801-40AC-9BE8-9C6F44D82B39}.Debug|Any CPU.ActiveCfg = Debug|Any CPU
		{7616B27A-E801-40AC-9BE8-9C6F44D82B39}.Debug|Any CPU.Build.0 = Debug|Any CPU
		{7616B27A-E801-40AC-9BE8-9C6F44D82B39}.Release|Any CPU.ActiveCfg = Release|Any CPU
		{7616B27A-E801-40AC-9BE8-9C6F44D82B39}.Release|Any CPU.Build.0 = Release|Any CPU
	EndGlobalSection
EndGlobal
